// !$*UTF8*$!
{
	archiveVersion = 1;
	classes = {
	};
	objectVersion = 55;
	objects = {

/* Begin PBXBuildFile section */
		C6839F62275642E800313DE5 /* ViewModifier.swift in Sources */ = {isa = PBXBuildFile; fileRef = C6839F61275642E800313DE5 /* ViewModifier.swift */; };
		C6F97E08275536860032C678 /* DenkmallisteApp.swift in Sources */ = {isa = PBXBuildFile; fileRef = C6F97E07275536860032C678 /* DenkmallisteApp.swift */; };
		C6F97E0A275536860032C678 /* ContentView.swift in Sources */ = {isa = PBXBuildFile; fileRef = C6F97E09275536860032C678 /* ContentView.swift */; };
		C6F97E0C275536870032C678 /* Assets.xcassets in Resources */ = {isa = PBXBuildFile; fileRef = C6F97E0B275536870032C678 /* Assets.xcassets */; };
		C6F97E0F275536870032C678 /* Preview Assets.xcassets in Resources */ = {isa = PBXBuildFile; fileRef = C6F97E0E275536870032C678 /* Preview Assets.xcassets */; };
		C6F97E19275536880032C678 /* DenkmallisteTests.swift in Sources */ = {isa = PBXBuildFile; fileRef = C6F97E18275536880032C678 /* DenkmallisteTests.swift */; };
		C6F97E23275536880032C678 /* DenkmallisteUITests.swift in Sources */ = {isa = PBXBuildFile; fileRef = C6F97E22275536880032C678 /* DenkmallisteUITests.swift */; };
		C6F97E25275536880032C678 /* DenkmallisteUITestsLaunchTests.swift in Sources */ = {isa = PBXBuildFile; fileRef = C6F97E24275536880032C678 /* DenkmallisteUITestsLaunchTests.swift */; };
		C6F97E34275538D00032C678 /* MapView.swift in Sources */ = {isa = PBXBuildFile; fileRef = C6F97E33275538D00032C678 /* MapView.swift */; };
		C6F97E3827553C9C0032C678 /* MapKit.framework in Frameworks */ = {isa = PBXBuildFile; fileRef = C6F97E3727553C9C0032C678 /* MapKit.framework */; };
/* End PBXBuildFile section */

/* Begin PBXContainerItemProxy section */
		C6F97E15275536880032C678 /* PBXContainerItemProxy */ = {
			isa = PBXContainerItemProxy;
			containerPortal = C6F97DFC275536850032C678 /* Project object */;
			proxyType = 1;
			remoteGlobalIDString = C6F97E03275536850032C678;
			remoteInfo = Denkmalliste;
		};
		C6F97E1F275536880032C678 /* PBXContainerItemProxy */ = {
			isa = PBXContainerItemProxy;
			containerPortal = C6F97DFC275536850032C678 /* Project object */;
			proxyType = 1;
			remoteGlobalIDString = C6F97E03275536850032C678;
			remoteInfo = Denkmalliste;
		};
/* End PBXContainerItemProxy section */

/* Begin PBXFileReference section */
		C6839F61275642E800313DE5 /* ViewModifier.swift */ = {isa = PBXFileReference; lastKnownFileType = sourcecode.swift; path = ViewModifier.swift; sourceTree = "<group>"; };
		C6F97E04275536860032C678 /* Denkmalliste.app */ = {isa = PBXFileReference; explicitFileType = wrapper.application; includeInIndex = 0; path = Denkmalliste.app; sourceTree = BUILT_PRODUCTS_DIR; };
		C6F97E07275536860032C678 /* DenkmallisteApp.swift */ = {isa = PBXFileReference; lastKnownFileType = sourcecode.swift; path = DenkmallisteApp.swift; sourceTree = "<group>"; };
		C6F97E09275536860032C678 /* ContentView.swift */ = {isa = PBXFileReference; lastKnownFileType = sourcecode.swift; path = ContentView.swift; sourceTree = "<group>"; };
		C6F97E0B275536870032C678 /* Assets.xcassets */ = {isa = PBXFileReference; lastKnownFileType = folder.assetcatalog; path = Assets.xcassets; sourceTree = "<group>"; };
		C6F97E0E275536870032C678 /* Preview Assets.xcassets */ = {isa = PBXFileReference; lastKnownFileType = folder.assetcatalog; path = "Preview Assets.xcassets"; sourceTree = "<group>"; };
		C6F97E14275536880032C678 /* DenkmallisteTests.xctest */ = {isa = PBXFileReference; explicitFileType = wrapper.cfbundle; includeInIndex = 0; path = DenkmallisteTests.xctest; sourceTree = BUILT_PRODUCTS_DIR; };
		C6F97E18275536880032C678 /* DenkmallisteTests.swift */ = {isa = PBXFileReference; lastKnownFileType = sourcecode.swift; path = DenkmallisteTests.swift; sourceTree = "<group>"; };
		C6F97E1E275536880032C678 /* DenkmallisteUITests.xctest */ = {isa = PBXFileReference; explicitFileType = wrapper.cfbundle; includeInIndex = 0; path = DenkmallisteUITests.xctest; sourceTree = BUILT_PRODUCTS_DIR; };
		C6F97E22275536880032C678 /* DenkmallisteUITests.swift */ = {isa = PBXFileReference; lastKnownFileType = sourcecode.swift; path = DenkmallisteUITests.swift; sourceTree = "<group>"; };
		C6F97E24275536880032C678 /* DenkmallisteUITestsLaunchTests.swift */ = {isa = PBXFileReference; lastKnownFileType = sourcecode.swift; path = DenkmallisteUITestsLaunchTests.swift; sourceTree = "<group>"; };
		C6F97E33275538D00032C678 /* MapView.swift */ = {isa = PBXFileReference; lastKnownFileType = sourcecode.swift; path = MapView.swift; sourceTree = "<group>"; };
		C6F97E3527553C9B0032C678 /* Info.plist */ = {isa = PBXFileReference; lastKnownFileType = text.plist; path = Info.plist; sourceTree = "<group>"; };
		C6F97E3727553C9C0032C678 /* MapKit.framework */ = {isa = PBXFileReference; lastKnownFileType = wrapper.framework; name = MapKit.framework; path = System/Library/Frameworks/MapKit.framework; sourceTree = SDKROOT; };
/* End PBXFileReference section */

/* Begin PBXFrameworksBuildPhase section */
		C6F97E01275536850032C678 /* Frameworks */ = {
			isa = PBXFrameworksBuildPhase;
			buildActionMask = 2147483647;
			files = (
				C6F97E3827553C9C0032C678 /* MapKit.framework in Frameworks */,
			);
			runOnlyForDeploymentPostprocessing = 0;
		};
		C6F97E11275536880032C678 /* Frameworks */ = {
			isa = PBXFrameworksBuildPhase;
			buildActionMask = 2147483647;
			files = (
			);
			runOnlyForDeploymentPostprocessing = 0;
		};
		C6F97E1B275536880032C678 /* Frameworks */ = {
			isa = PBXFrameworksBuildPhase;
			buildActionMask = 2147483647;
			files = (
			);
			runOnlyForDeploymentPostprocessing = 0;
		};
/* End PBXFrameworksBuildPhase section */

/* Begin PBXGroup section */
		C6F97DFB275536850032C678 = {
			isa = PBXGroup;
			children = (
				C6F97E06275536860032C678 /* Denkmalliste */,
				C6F97E17275536880032C678 /* DenkmallisteTests */,
				C6F97E21275536880032C678 /* DenkmallisteUITests */,
				C6F97E05275536860032C678 /* Products */,
				C6F97E3627553C9C0032C678 /* Frameworks */,
			);
			sourceTree = "<group>";
		};
		C6F97E05275536860032C678 /* Products */ = {
			isa = PBXGroup;
			children = (
				C6F97E04275536860032C678 /* Denkmalliste.app */,
				C6F97E14275536880032C678 /* DenkmallisteTests.xctest */,
				C6F97E1E275536880032C678 /* DenkmallisteUITests.xctest */,
			);
			name = Products;
			sourceTree = "<group>";
		};
		C6F97E06275536860032C678 /* Denkmalliste */ = {
			isa = PBXGroup;
			children = (
				C6F97E3527553C9B0032C678 /* Info.plist */,
				C6F97E07275536860032C678 /* DenkmallisteApp.swift */,
				C6F97E09275536860032C678 /* ContentView.swift */,
				C6F97E33275538D00032C678 /* MapView.swift */,
				C6839F61275642E800313DE5 /* ViewModifier.swift */,
				C6F97E0B275536870032C678 /* Assets.xcassets */,
				C6F97E0D275536870032C678 /* Preview Content */,
			);
			path = Denkmalliste;
			sourceTree = "<group>";
		};
		C6F97E0D275536870032C678 /* Preview Content */ = {
			isa = PBXGroup;
			children = (
				C6F97E0E275536870032C678 /* Preview Assets.xcassets */,
			);
			path = "Preview Content";
			sourceTree = "<group>";
		};
		C6F97E17275536880032C678 /* DenkmallisteTests */ = {
			isa = PBXGroup;
			children = (
				C6F97E18275536880032C678 /* DenkmallisteTests.swift */,
			);
			path = DenkmallisteTests;
			sourceTree = "<group>";
		};
		C6F97E21275536880032C678 /* DenkmallisteUITests */ = {
			isa = PBXGroup;
			children = (
				C6F97E22275536880032C678 /* DenkmallisteUITests.swift */,
				C6F97E24275536880032C678 /* DenkmallisteUITestsLaunchTests.swift */,
			);
			path = DenkmallisteUITests;
			sourceTree = "<group>";
		};
		C6F97E3627553C9C0032C678 /* Frameworks */ = {
			isa = PBXGroup;
			children = (
				C6F97E3727553C9C0032C678 /* MapKit.framework */,
			);
			name = Frameworks;
			sourceTree = "<group>";
		};
/* End PBXGroup section */

/* Begin PBXNativeTarget section */
		C6F97E03275536850032C678 /* Denkmalliste */ = {
			isa = PBXNativeTarget;
			buildConfigurationList = C6F97E28275536880032C678 /* Build configuration list for PBXNativeTarget "Denkmalliste" */;
			buildPhases = (
				C6F97E00275536850032C678 /* Sources */,
				C6F97E01275536850032C678 /* Frameworks */,
				C6F97E02275536850032C678 /* Resources */,
			);
			buildRules = (
			);
			dependencies = (
			);
			name = Denkmalliste;
			productName = Denkmalliste;
			productReference = C6F97E04275536860032C678 /* Denkmalliste.app */;
			productType = "com.apple.product-type.application";
		};
		C6F97E13275536880032C678 /* DenkmallisteTests */ = {
			isa = PBXNativeTarget;
			buildConfigurationList = C6F97E2B275536880032C678 /* Build configuration list for PBXNativeTarget "DenkmallisteTests" */;
			buildPhases = (
				C6F97E10275536880032C678 /* Sources */,
				C6F97E11275536880032C678 /* Frameworks */,
				C6F97E12275536880032C678 /* Resources */,
			);
			buildRules = (
			);
			dependencies = (
				C6F97E16275536880032C678 /* PBXTargetDependency */,
			);
			name = DenkmallisteTests;
			productName = DenkmallisteTests;
			productReference = C6F97E14275536880032C678 /* DenkmallisteTests.xctest */;
			productType = "com.apple.product-type.bundle.unit-test";
		};
		C6F97E1D275536880032C678 /* DenkmallisteUITests */ = {
			isa = PBXNativeTarget;
			buildConfigurationList = C6F97E2E275536880032C678 /* Build configuration list for PBXNativeTarget "DenkmallisteUITests" */;
			buildPhases = (
				C6F97E1A275536880032C678 /* Sources */,
				C6F97E1B275536880032C678 /* Frameworks */,
				C6F97E1C275536880032C678 /* Resources */,
			);
			buildRules = (
			);
			dependencies = (
				C6F97E20275536880032C678 /* PBXTargetDependency */,
			);
			name = DenkmallisteUITests;
			productName = DenkmallisteUITests;
			productReference = C6F97E1E275536880032C678 /* DenkmallisteUITests.xctest */;
			productType = "com.apple.product-type.bundle.ui-testing";
		};
/* End PBXNativeTarget section */

/* Begin PBXProject section */
		C6F97DFC275536850032C678 /* Project object */ = {
			isa = PBXProject;
			attributes = {
				BuildIndependentTargetsInParallel = 1;
				LastSwiftUpdateCheck = 1310;
				LastUpgradeCheck = 1310;
				TargetAttributes = {
					C6F97E03275536850032C678 = {
						CreatedOnToolsVersion = 13.1;
					};
					C6F97E13275536880032C678 = {
						CreatedOnToolsVersion = 13.1;
						TestTargetID = C6F97E03275536850032C678;
					};
					C6F97E1D275536880032C678 = {
						CreatedOnToolsVersion = 13.1;
						TestTargetID = C6F97E03275536850032C678;
					};
				};
			};
			buildConfigurationList = C6F97DFF275536850032C678 /* Build configuration list for PBXProject "Denkmalliste" */;
			compatibilityVersion = "Xcode 13.0";
			developmentRegion = en;
			hasScannedForEncodings = 0;
			knownRegions = (
				en,
				Base,
			);
			mainGroup = C6F97DFB275536850032C678;
			productRefGroup = C6F97E05275536860032C678 /* Products */;
			projectDirPath = "";
			projectRoot = "";
			targets = (
				C6F97E03275536850032C678 /* Denkmalliste */,
				C6F97E13275536880032C678 /* DenkmallisteTests */,
				C6F97E1D275536880032C678 /* DenkmallisteUITests */,
			);
		};
/* End PBXProject section */

/* Begin PBXResourcesBuildPhase section */
		C6F97E02275536850032C678 /* Resources */ = {
			isa = PBXResourcesBuildPhase;
			buildActionMask = 2147483647;
			files = (
				C6F97E0F275536870032C678 /* Preview Assets.xcassets in Resources */,
				C6F97E0C275536870032C678 /* Assets.xcassets in Resources */,
			);
			runOnlyForDeploymentPostprocessing = 0;
		};
		C6F97E12275536880032C678 /* Resources */ = {
			isa = PBXResourcesBuildPhase;
			buildActionMask = 2147483647;
			files = (
			);
			runOnlyForDeploymentPostprocessing = 0;
		};
		C6F97E1C275536880032C678 /* Resources */ = {
			isa = PBXResourcesBuildPhase;
			buildActionMask = 2147483647;
			files = (
			);
			runOnlyForDeploymentPostprocessing = 0;
		};
/* End PBXResourcesBuildPhase section */

/* Begin PBXSourcesBuildPhase section */
		C6F97E00275536850032C678 /* Sources */ = {
			isa = PBXSourcesBuildPhase;
			buildActionMask = 2147483647;
			files = (
				C6839F62275642E800313DE5 /* ViewModifier.swift in Sources */,
				C6F97E0A275536860032C678 /* ContentView.swift in Sources */,
				C6F97E34275538D00032C678 /* MapView.swift in Sources */,
				C6F97E08275536860032C678 /* DenkmallisteApp.swift in Sources */,
			);
			runOnlyForDeploymentPostprocessing = 0;
		};
		C6F97E10275536880032C678 /* Sources */ = {
			isa = PBXSourcesBuildPhase;
			buildActionMask = 2147483647;
			files = (
				C6F97E19275536880032C678 /* DenkmallisteTests.swift in Sources */,
			);
			runOnlyForDeploymentPostprocessing = 0;
		};
		C6F97E1A275536880032C678 /* Sources */ = {
			isa = PBXSourcesBuildPhase;
			buildActionMask = 2147483647;
			files = (
				C6F97E23275536880032C678 /* DenkmallisteUITests.swift in Sources */,
				C6F97E25275536880032C678 /* DenkmallisteUITestsLaunchTests.swift in Sources */,
			);
			runOnlyForDeploymentPostprocessing = 0;
		};
/* End PBXSourcesBuildPhase section */

/* Begin PBXTargetDependency section */
		C6F97E16275536880032C678 /* PBXTargetDependency */ = {
			isa = PBXTargetDependency;
			target = C6F97E03275536850032C678 /* Denkmalliste */;
			targetProxy = C6F97E15275536880032C678 /* PBXContainerItemProxy */;
		};
		C6F97E20275536880032C678 /* PBXTargetDependency */ = {
			isa = PBXTargetDependency;
			target = C6F97E03275536850032C678 /* Denkmalliste */;
			targetProxy = C6F97E1F275536880032C678 /* PBXContainerItemProxy */;
		};
/* End PBXTargetDependency section */

/* Begin XCBuildConfiguration section */
		C6F97E26275536880032C678 /* Debug */ = {
			isa = XCBuildConfiguration;
			buildSettings = {
				ALWAYS_SEARCH_USER_PATHS = NO;
				CLANG_ANALYZER_NONNULL = YES;
				CLANG_ANALYZER_NUMBER_OBJECT_CONVERSION = YES_AGGRESSIVE;
				CLANG_CXX_LANGUAGE_STANDARD = "gnu++17";
				CLANG_CXX_LIBRARY = "libc++";
				CLANG_ENABLE_MODULES = YES;
				CLANG_ENABLE_OBJC_ARC = YES;
				CLANG_ENABLE_OBJC_WEAK = YES;
				CLANG_WARN_BLOCK_CAPTURE_AUTORELEASING = YES;
				CLANG_WARN_BOOL_CONVERSION = YES;
				CLANG_WARN_COMMA = YES;
				CLANG_WARN_CONSTANT_CONVERSION = YES;
				CLANG_WARN_DEPRECATED_OBJC_IMPLEMENTATIONS = YES;
				CLANG_WARN_DIRECT_OBJC_ISA_USAGE = YES_ERROR;
				CLANG_WARN_DOCUMENTATION_COMMENTS = YES;
				CLANG_WARN_EMPTY_BODY = YES;
				CLANG_WARN_ENUM_CONVERSION = YES;
				CLANG_WARN_INFINITE_RECURSION = YES;
				CLANG_WARN_INT_CONVERSION = YES;
				CLANG_WARN_NON_LITERAL_NULL_CONVERSION = YES;
				CLANG_WARN_OBJC_IMPLICIT_RETAIN_SELF = YES;
				CLANG_WARN_OBJC_LITERAL_CONVERSION = YES;
				CLANG_WARN_OBJC_ROOT_CLASS = YES_ERROR;
				CLANG_WARN_QUOTED_INCLUDE_IN_FRAMEWORK_HEADER = YES;
				CLANG_WARN_RANGE_LOOP_ANALYSIS = YES;
				CLANG_WARN_STRICT_PROTOTYPES = YES;
				CLANG_WARN_SUSPICIOUS_MOVE = YES;
				CLANG_WARN_UNGUARDED_AVAILABILITY = YES_AGGRESSIVE;
				CLANG_WARN_UNREACHABLE_CODE = YES;
				CLANG_WARN__DUPLICATE_METHOD_MATCH = YES;
				COPY_PHASE_STRIP = NO;
				DEBUG_INFORMATION_FORMAT = dwarf;
				ENABLE_STRICT_OBJC_MSGSEND = YES;
				ENABLE_TESTABILITY = YES;
				GCC_C_LANGUAGE_STANDARD = gnu11;
				GCC_DYNAMIC_NO_PIC = NO;
				GCC_NO_COMMON_BLOCKS = YES;
				GCC_OPTIMIZATION_LEVEL = 0;
				GCC_PREPROCESSOR_DEFINITIONS = (
					"DEBUG=1",
					"$(inherited)",
				);
				GCC_WARN_64_TO_32_BIT_CONVERSION = YES;
				GCC_WARN_ABOUT_RETURN_TYPE = YES_ERROR;
				GCC_WARN_UNDECLARED_SELECTOR = YES;
				GCC_WARN_UNINITIALIZED_AUTOS = YES_AGGRESSIVE;
				GCC_WARN_UNUSED_FUNCTION = YES;
				GCC_WARN_UNUSED_VARIABLE = YES;
				IPHONEOS_DEPLOYMENT_TARGET = 15.0;
				MTL_ENABLE_DEBUG_INFO = INCLUDE_SOURCE;
				MTL_FAST_MATH = YES;
				ONLY_ACTIVE_ARCH = YES;
				SDKROOT = iphoneos;
				SWIFT_ACTIVE_COMPILATION_CONDITIONS = DEBUG;
				SWIFT_OPTIMIZATION_LEVEL = "-Onone";
			};
			name = Debug;
		};
		C6F97E27275536880032C678 /* Release */ = {
			isa = XCBuildConfiguration;
			buildSettings = {
				ALWAYS_SEARCH_USER_PATHS = NO;
				CLANG_ANALYZER_NONNULL = YES;
				CLANG_ANALYZER_NUMBER_OBJECT_CONVERSION = YES_AGGRESSIVE;
				CLANG_CXX_LANGUAGE_STANDARD = "gnu++17";
				CLANG_CXX_LIBRARY = "libc++";
				CLANG_ENABLE_MODULES = YES;
				CLANG_ENABLE_OBJC_ARC = YES;
				CLANG_ENABLE_OBJC_WEAK = YES;
				CLANG_WARN_BLOCK_CAPTURE_AUTORELEASING = YES;
				CLANG_WARN_BOOL_CONVERSION = YES;
				CLANG_WARN_COMMA = YES;
				CLANG_WARN_CONSTANT_CONVERSION = YES;
				CLANG_WARN_DEPRECATED_OBJC_IMPLEMENTATIONS = YES;
				CLANG_WARN_DIRECT_OBJC_ISA_USAGE = YES_ERROR;
				CLANG_WARN_DOCUMENTATION_COMMENTS = YES;
				CLANG_WARN_EMPTY_BODY = YES;
				CLANG_WARN_ENUM_CONVERSION = YES;
				CLANG_WARN_INFINITE_RECURSION = YES;
				CLANG_WARN_INT_CONVERSION = YES;
				CLANG_WARN_NON_LITERAL_NULL_CONVERSION = YES;
				CLANG_WARN_OBJC_IMPLICIT_RETAIN_SELF = YES;
				CLANG_WARN_OBJC_LITERAL_CONVERSION = YES;
				CLANG_WARN_OBJC_ROOT_CLASS = YES_ERROR;
				CLANG_WARN_QUOTED_INCLUDE_IN_FRAMEWORK_HEADER = YES;
				CLANG_WARN_RANGE_LOOP_ANALYSIS = YES;
				CLANG_WARN_STRICT_PROTOTYPES = YES;
				CLANG_WARN_SUSPICIOUS_MOVE = YES;
				CLANG_WARN_UNGUARDED_AVAILABILITY = YES_AGGRESSIVE;
				CLANG_WARN_UNREACHABLE_CODE = YES;
				CLANG_WARN__DUPLICATE_METHOD_MATCH = YES;
				COPY_PHASE_STRIP = NO;
				DEBUG_INFORMATION_FORMAT = "dwarf-with-dsym";
				ENABLE_NS_ASSERTIONS = NO;
				ENABLE_STRICT_OBJC_MSGSEND = YES;
				GCC_C_LANGUAGE_STANDARD = gnu11;
				GCC_NO_COMMON_BLOCKS = YES;
				GCC_WARN_64_TO_32_BIT_CONVERSION = YES;
				GCC_WARN_ABOUT_RETURN_TYPE = YES_ERROR;
				GCC_WARN_UNDECLARED_SELECTOR = YES;
				GCC_WARN_UNINITIALIZED_AUTOS = YES_AGGRESSIVE;
				GCC_WARN_UNUSED_FUNCTION = YES;
				GCC_WARN_UNUSED_VARIABLE = YES;
				IPHONEOS_DEPLOYMENT_TARGET = 15.0;
				MTL_ENABLE_DEBUG_INFO = NO;
				MTL_FAST_MATH = YES;
				SDKROOT = iphoneos;
				SWIFT_COMPILATION_MODE = wholemodule;
				SWIFT_OPTIMIZATION_LEVEL = "-O";
				VALIDATE_PRODUCT = YES;
			};
			name = Release;
		};
		C6F97E29275536880032C678 /* Debug */ = {
			isa = XCBuildConfiguration;
			buildSettings = {
				ASSETCATALOG_COMPILER_APPICON_NAME = AppIcon;
				ASSETCATALOG_COMPILER_GLOBAL_ACCENT_COLOR_NAME = AccentColor;
				CODE_SIGN_STYLE = Automatic;
				CURRENT_PROJECT_VERSION = 1;
				DEVELOPMENT_ASSET_PATHS = "\"Denkmalliste/Preview Content\"";
				DEVELOPMENT_TEAM = B72K857U7Z;
				ENABLE_PREVIEWS = YES;
				GENERATE_INFOPLIST_FILE = YES;
				INFOPLIST_FILE = Denkmalliste/Info.plist;
				INFOPLIST_KEY_NSLocationUsageDescription = "Die Denkmallisten-App verwendet ihren Standort, damit Denkmale in ihrer Nähe gefunden werden können.";
				INFOPLIST_KEY_UIApplicationSceneManifest_Generation = YES;
				INFOPLIST_KEY_UIApplicationSupportsIndirectInputEvents = YES;
				INFOPLIST_KEY_UILaunchScreen_Generation = YES;
				INFOPLIST_KEY_UISupportedInterfaceOrientations_iPad = "UIInterfaceOrientationPortrait UIInterfaceOrientationPortraitUpsideDown UIInterfaceOrientationLandscapeLeft UIInterfaceOrientationLandscapeRight";
				INFOPLIST_KEY_UISupportedInterfaceOrientations_iPhone = "UIInterfaceOrientationPortrait UIInterfaceOrientationLandscapeLeft UIInterfaceOrientationLandscapeRight";
				LD_RUNPATH_SEARCH_PATHS = (
					"$(inherited)",
					"@executable_path/Frameworks",
				);
				MARKETING_VERSION = 1.0;
				PRODUCT_BUNDLE_IDENTIFIER = "com.media-engineering.Denkmalliste";
				PRODUCT_NAME = "$(TARGET_NAME)";
				SWIFT_EMIT_LOC_STRINGS = YES;
				SWIFT_VERSION = 5.0;
				TARGETED_DEVICE_FAMILY = "1,2";
			};
			name = Debug;
		};
		C6F97E2A275536880032C678 /* Release */ = {
			isa = XCBuildConfiguration;
			buildSettings = {
				ASSETCATALOG_COMPILER_APPICON_NAME = AppIcon;
				ASSETCATALOG_COMPILER_GLOBAL_ACCENT_COLOR_NAME = AccentColor;
				CODE_SIGN_STYLE = Automatic;
				CURRENT_PROJECT_VERSION = 1;
				DEVELOPMENT_ASSET_PATHS = "\"Denkmalliste/Preview Content\"";
				DEVELOPMENT_TEAM = B72K857U7Z;
				ENABLE_PREVIEWS = YES;
				GENERATE_INFOPLIST_FILE = YES;
				INFOPLIST_FILE = Denkmalliste/Info.plist;
				INFOPLIST_KEY_NSLocationUsageDescription = "Die Denkmallisten-App verwendet ihren Standort, damit Denkmale in ihrer Nähe gefunden werden können.";
				INFOPLIST_KEY_UIApplicationSceneManifest_Generation = YES;
				INFOPLIST_KEY_UIApplicationSupportsIndirectInputEvents = YES;
				INFOPLIST_KEY_UILaunchScreen_Generation = YES;
				INFOPLIST_KEY_UISupportedInterfaceOrientations_iPad = "UIInterfaceOrientationPortrait UIInterfaceOrientationPortraitUpsideDown UIInterfaceOrientationLandscapeLeft UIInterfaceOrientationLandscapeRight";
				INFOPLIST_KEY_UISupportedInterfaceOrientations_iPhone = "UIInterfaceOrientationPortrait UIInterfaceOrientationLandscapeLeft UIInterfaceOrientationLandscapeRight";
				LD_RUNPATH_SEARCH_PATHS = (
					"$(inherited)",
					"@executable_path/Frameworks",
				);
				MARKETING_VERSION = 1.0;
				PRODUCT_BUNDLE_IDENTIFIER = "com.media-engineering.Denkmalliste";
				PRODUCT_NAME = "$(TARGET_NAME)";
				SWIFT_EMIT_LOC_STRINGS = YES;
				SWIFT_VERSION = 5.0;
				TARGETED_DEVICE_FAMILY = "1,2";
			};
			name = Release;
		};
		C6F97E2C275536880032C678 /* Debug */ = {
			isa = XCBuildConfiguration;
			buildSettings = {
				ALWAYS_EMBED_SWIFT_STANDARD_LIBRARIES = YES;
				BUNDLE_LOADER = "$(TEST_HOST)";
				CODE_SIGN_STYLE = Automatic;
				CURRENT_PROJECT_VERSION = 1;
				DEVELOPMENT_TEAM = B72K857U7Z;
				GENERATE_INFOPLIST_FILE = YES;
				IPHONEOS_DEPLOYMENT_TARGET = 15.0;
				LD_RUNPATH_SEARCH_PATHS = (
					"$(inherited)",
					"@executable_path/Frameworks",
					"@loader_path/Frameworks",
				);
				MARKETING_VERSION = 1.0;
				PRODUCT_BUNDLE_IDENTIFIER = "com.media-engineering.DenkmallisteTests";
				PRODUCT_NAME = "$(TARGET_NAME)";
				SWIFT_EMIT_LOC_STRINGS = NO;
				SWIFT_VERSION = 5.0;
				TARGETED_DEVICE_FAMILY = "1,2";
				TEST_HOST = "$(BUILT_PRODUCTS_DIR)/Denkmalliste.app/Denkmalliste";
			};
			name = Debug;
		};
		C6F97E2D275536880032C678 /* Release */ = {
			isa = XCBuildConfiguration;
			buildSettings = {
				ALWAYS_EMBED_SWIFT_STANDARD_LIBRARIES = YES;
				BUNDLE_LOADER = "$(TEST_HOST)";
				CODE_SIGN_STYLE = Automatic;
				CURRENT_PROJECT_VERSION = 1;
				DEVELOPMENT_TEAM = B72K857U7Z;
				GENERATE_INFOPLIST_FILE = YES;
				IPHONEOS_DEPLOYMENT_TARGET = 15.0;
				LD_RUNPATH_SEARCH_PATHS = (
					"$(inherited)",
					"@executable_path/Frameworks",
					"@loader_path/Frameworks",
				);
				MARKETING_VERSION = 1.0;
				PRODUCT_BUNDLE_IDENTIFIER = "com.media-engineering.DenkmallisteTests";
				PRODUCT_NAME = "$(TARGET_NAME)";
				SWIFT_EMIT_LOC_STRINGS = NO;
				SWIFT_VERSION = 5.0;
				TARGETED_DEVICE_FAMILY = "1,2";
				TEST_HOST = "$(BUILT_PRODUCTS_DIR)/Denkmalliste.app/Denkmalliste";
			};
			name = Release;
		};
		C6F97E2F275536880032C678 /* Debug */ = {
			isa = XCBuildConfiguration;
			buildSettings = {
				ALWAYS_EMBED_SWIFT_STANDARD_LIBRARIES = YES;
				CODE_SIGN_STYLE = Automatic;
				CURRENT_PROJECT_VERSION = 1;
				DEVELOPMENT_TEAM = B72K857U7Z;
				GENERATE_INFOPLIST_FILE = YES;
				LD_RUNPATH_SEARCH_PATHS = (
					"$(inherited)",
					"@executable_path/Frameworks",
					"@loader_path/Frameworks",
				);
				MARKETING_VERSION = 1.0;
				PRODUCT_BUNDLE_IDENTIFIER = "com.media-engineering.DenkmallisteUITests";
				PRODUCT_NAME = "$(TARGET_NAME)";
				SWIFT_EMIT_LOC_STRINGS = NO;
				SWIFT_VERSION = 5.0;
				TARGETED_DEVICE_FAMILY = "1,2";
				TEST_TARGET_NAME = Denkmalliste;
			};
			name = Debug;
		};
		C6F97E30275536880032C678 /* Release */ = {
			isa = XCBuildConfiguration;
			buildSettings = {
				ALWAYS_EMBED_SWIFT_STANDARD_LIBRARIES = YES;
				CODE_SIGN_STYLE = Automatic;
				CURRENT_PROJECT_VERSION = 1;
				DEVELOPMENT_TEAM = B72K857U7Z;
				GENERATE_INFOPLIST_FILE = YES;
				LD_RUNPATH_SEARCH_PATHS = (
					"$(inherited)",
					"@executable_path/Frameworks",
					"@loader_path/Frameworks",
				);
				MARKETING_VERSION = 1.0;
				PRODUCT_BUNDLE_IDENTIFIER = "com.media-engineering.DenkmallisteUITests";
				PRODUCT_NAME = "$(TARGET_NAME)";
				SWIFT_EMIT_LOC_STRINGS = NO;
				SWIFT_VERSION = 5.0;
				TARGETED_DEVICE_FAMILY = "1,2";
				TEST_TARGET_NAME = Denkmalliste;
			};
			name = Release;
		};
/* End XCBuildConfiguration section */

/* Begin XCConfigurationList section */
		C6F97DFF275536850032C678 /* Build configuration list for PBXProject "Denkmalliste" */ = {
			isa = XCConfigurationList;
			buildConfigurations = (
				C6F97E26275536880032C678 /* Debug */,
				C6F97E27275536880032C678 /* Release */,
			);
			defaultConfigurationIsVisible = 0;
			defaultConfigurationName = Release;
		};
		C6F97E28275536880032C678 /* Build configuration list for PBXNativeTarget "Denkmalliste" */ = {
			isa = XCConfigurationList;
			buildConfigurations = (
				C6F97E29275536880032C678 /* Debug */,
				C6F97E2A275536880032C678 /* Release */,
			);
			defaultConfigurationIsVisible = 0;
			defaultConfigurationName = Release;
		};
		C6F97E2B275536880032C678 /* Build configuration list for PBXNativeTarget "DenkmallisteTests" */ = {
			isa = XCConfigurationList;
			buildConfigurations = (
				C6F97E2C275536880032C678 /* Debug */,
				C6F97E2D275536880032C678 /* Release */,
			);
			defaultConfigurationIsVisible = 0;
			defaultConfigurationName = Release;
		};
		C6F97E2E275536880032C678 /* Build configuration list for PBXNativeTarget "DenkmallisteUITests" */ = {
			isa = XCConfigurationList;
			buildConfigurations = (
				C6F97E2F275536880032C678 /* Debug */,
				C6F97E30275536880032C678 /* Release */,
			);
			defaultConfigurationIsVisible = 0;
			defaultConfigurationName = Release;
		};
/* End XCConfigurationList section */
	};
	rootObject = C6F97DFC275536850032C678 /* Project object */;
}
